
Microsoft Visual Studio Solution File, Format Version 12.00
# Visual Studio Version 17
VisualStudioVersion = 17.6.33712.159
MinimumVisualStudioVersion = 10.0.40219.1
Project("{FAE04EC0-301F-11D3-BF4B-00C04F79EFBC}") = "Journal", "appDB\Journal.csproj", "{11A8E248-86FC-4344-8E01-46FF49518C90}"
EndProject
Global
	GlobalSection(SolutionConfigurationPlatforms) = preSolution
		Debug|Any CPU = Debug|Any CPU
		Release|Any CPU = Release|Any CPU
	EndGlobalSection
	GlobalSection(ProjectConfigurationPlatforms) = postSolution
		{11A8E248-86FC-4344-8E01-46FF49518C90}.Debug|Any CPU.ActiveCfg = Debug|Any CPU
		{11A8E248-86FC-4344-8E01-46FF49518C90}.Debug|Any CPU.Build.0 = Debug|Any CPU
		{11A8E248-86FC-4344-8E01-46FF49518C90}.Release|Any CPU.ActiveCfg = Release|Any CPU
		{11A8E248-86FC-4344-8E01-46FF49518C90}.Release|Any CPU.Build.0 = Release|Any CPU
	EndGlobalSection
	GlobalSection(SolutionProperties) = preSolution
		HideSolutionNode = FALSE
	EndGlobalSection
	GlobalSection(ExtensibilityGlobals) = postSolution
		SolutionGuid = {8DA83579-4295-4DF3-B7D3-B92693493659}
	EndGlobalSection
EndGlobal
